
Microsoft Visual Studio Solution File, Format Version 12.00
# Visual Studio Version 17
VisualStudioVersion = 17.5.001.0
MinimumVisualStudioVersion = 10.0.40219.1
Project("{9A19103F-16F7-4668-BE54-9A1E7A4F7556}") = "Tecnoracers", "Tecnoracers.csproj", "{DDEDF639-FE7E-4C07-BD01-687E1E4EE06C}"
EndProject
Global
	GlobalSection(SolutionConfigurationPlatforms) = preSolution
		Debug|Any CPU = Debug|Any CPU
		Release|Any CPU = Release|Any CPU
	EndGlobalSection
	GlobalSection(ProjectConfigurationPlatforms) = postSolution
		{DDEDF639-FE7E-4C07-BD01-687E1E4EE06C}.Debug|Any CPU.ActiveCfg = Debug|Any CPU
		{DDEDF639-FE7E-4C07-BD01-687E1E4EE06C}.Debug|Any CPU.Build.0 = Debug|Any CPU
		{DDEDF639-FE7E-4C07-BD01-687E1E4EE06C}.Release|Any CPU.ActiveCfg = Release|Any CPU
		{DDEDF639-FE7E-4C07-BD01-687E1E4EE06C}.Release|Any CPU.Build.0 = Release|Any CPU
	EndGlobalSection
	GlobalSection(SolutionProperties) = preSolution
		HideSolutionNode = FALSE
	EndGlobalSection
	GlobalSection(ExtensibilityGlobals) = postSolution
		SolutionGuid = {7D0248F8-5B64-4419-862A-820EA909F276}
	EndGlobalSection
EndGlobal
